
Microsoft Visual Studio Solution File, Format Version 12.00
# Visual Studio Version 17
VisualStudioVersion = 17.11.35327.3
MinimumVisualStudioVersion = 10.0.40219.1
Project("{FAE04EC0-301F-11D3-BF4B-00C04F79EFBC}") = "PowerCursor", "PowerCursor\PowerCursor.csproj", "{4B9A0961-98D9-41B5-96CC-85277FEE793A}"
EndProject
Global
	GlobalSection(SolutionConfigurationPlatforms) = preSolution
		Debug|Any CPU = Debug|Any CPU
		Release|Any CPU = Release|Any CPU
	EndGlobalSection
	GlobalSection(ProjectConfigurationPlatforms) = postSolution
		{4B9A0961-98D9-41B5-96CC-85277FEE793A}.Debug|Any CPU.ActiveCfg = Debug|Any CPU
		{4B9A0961-98D9-41B5-96CC-85277FEE793A}.Debug|Any CPU.Build.0 = Debug|Any CPU
		{4B9A0961-98D9-41B5-96CC-85277FEE793A}.Release|Any CPU.ActiveCfg = Release|Any CPU
		{4B9A0961-98D9-41B5-96CC-85277FEE793A}.Release|Any CPU.Build.0 = Release|Any CPU
	EndGlobalSection
	GlobalSection(SolutionProperties) = preSolution
		HideSolutionNode = FALSE
	EndGlobalSection
	GlobalSection(ExtensibilityGlobals) = postSolution
		SolutionGuid = {8C96DB05-41C8-4BDD-BF46-A3E12C1217A4}
	EndGlobalSection
EndGlobal
